
Microsoft Visual Studio Solution File, Format Version 12.00
# Visual Studio Version 17
VisualStudioVersion = 17.2.32526.322
MinimumVisualStudioVersion = 10.0.40219.1
Project("{FAE04EC0-301F-11D3-BF4B-00C04F79EFBC}") = "eComStoreWeb", "eComStoreWeb\eComStoreWeb.csproj", "{CFA332A7-8CC5-40F6-A349-3FCFA61C46A9}"
EndProject
Global
	GlobalSection(SolutionConfigurationPlatforms) = preSolution
		Debug|Any CPU = Debug|Any CPU
		Release|Any CPU = Release|Any CPU
	EndGlobalSection
	GlobalSection(ProjectConfigurationPlatforms) = postSolution
		{CFA332A7-8CC5-40F6-A349-3FCFA61C46A9}.Debug|Any CPU.ActiveCfg = Debug|Any CPU
		{CFA332A7-8CC5-40F6-A349-3FCFA61C46A9}.Debug|Any CPU.Build.0 = Debug|Any CPU
		{CFA332A7-8CC5-40F6-A349-3FCFA61C46A9}.Release|Any CPU.ActiveCfg = Release|Any CPU
		{CFA332A7-8CC5-40F6-A349-3FCFA61C46A9}.Release|Any CPU.Build.0 = Release|Any CPU
	EndGlobalSection
	GlobalSection(SolutionProperties) = preSolution
		HideSolutionNode = FALSE
	EndGlobalSection
	GlobalSection(ExtensibilityGlobals) = postSolution
		SolutionGuid = {5A726C5A-B891-4959-8FF8-F6892219810A}
	EndGlobalSection
EndGlobal
